{
  "requires": true,
  "lockfileVersion": 1,
  "dependencies": {
    "vanillajs": {
      "version": "1.0.1",
      "resolved": "https://registry.npmjs.org/vanillajs/-/vanillajs-1.0.1.tgz",
      "integrity": "sha512-2FIybvE8wmKWvYVNqU1kbpjZxAMwMUfRE4SUplGebrAiAcPIUU8cexU6V2qjC2AJqJN3frqoYxnVvpBYf8u9Mg=="
    }
  }
}
